
Microsoft Visual Studio Solution File, Format Version 12.00
# Visual Studio 15
VisualStudioVersion = 15.0.26124.0
MinimumVisualStudioVersion = 15.0.26124.0
Project("{2150E333-8FDC-42A3-9474-1A3956D46DE8}") = "Solution Items", "Solution Items", "{E245EA98-3AA5-4C40-8C70-967EA6036377}"
	ProjectSection(SolutionItems) = preProject
		README.md = README.md
	EndProjectSection
EndProject
Project("{9A19103F-16F7-4668-BE54-9A1E7A4F7556}") = "Tech.Teste", "Tech.Teste\Tech.Teste.csproj", "{455328E9-F491-40B7-8A1F-747B97FEF157}"
EndProject
Project("{9A19103F-16F7-4668-BE54-9A1E7A4F7556}") = "Tech.WebAPI", "Tech.WebAPI\Tech.WebAPI.csproj", "{5BB771F4-2016-4ECE-8329-05DAA8C480BC}"
EndProject
Global
	GlobalSection(SolutionConfigurationPlatforms) = preSolution
		Debug|Any CPU = Debug|Any CPU
		Debug|x64 = Debug|x64
		Debug|x86 = Debug|x86
		Release|Any CPU = Release|Any CPU
		Release|x64 = Release|x64
		Release|x86 = Release|x86
	EndGlobalSection
	GlobalSection(ProjectConfigurationPlatforms) = postSolution
		{455328E9-F491-40B7-8A1F-747B97FEF157}.Debug|Any CPU.ActiveCfg = Debug|Any CPU
		{455328E9-F491-40B7-8A1F-747B97FEF157}.Debug|Any CPU.Build.0 = Debug|Any CPU
		{455328E9-F491-40B7-8A1F-747B97FEF157}.Debug|x64.ActiveCfg = Debug|Any CPU
		{455328E9-F491-40B7-8A1F-747B97FEF157}.Debug|x64.Build.0 = Debug|Any CPU
		{455328E9-F491-40B7-8A1F-747B97FEF157}.Debug|x86.ActiveCfg = Debug|Any CPU
		{455328E9-F491-40B7-8A1F-747B97FEF157}.Debug|x86.Build.0 = Debug|Any CPU
		{455328E9-F491-40B7-8A1F-747B97FEF157}.Release|Any CPU.ActiveCfg = Release|Any CPU
		{455328E9-F491-40B7-8A1F-747B97FEF157}.Release|Any CPU.Build.0 = Release|Any CPU
		{455328E9-F491-40B7-8A1F-747B97FEF157}.Release|x64.ActiveCfg = Release|Any CPU
		{455328E9-F491-40B7-8A1F-747B97FEF157}.Release|x64.Build.0 = Release|Any CPU
		{455328E9-F491-40B7-8A1F-747B97FEF157}.Release|x86.ActiveCfg = Release|Any CPU
		{455328E9-F491-40B7-8A1F-747B97FEF157}.Release|x86.Build.0 = Release|Any CPU
		{5BB771F4-2016-4ECE-8329-05DAA8C480BC}.Debug|Any CPU.ActiveCfg = Debug|Any CPU
		{5BB771F4-2016-4ECE-8329-05DAA8C480BC}.Debug|Any CPU.Build.0 = Debug|Any CPU
		{5BB771F4-2016-4ECE-8329-05DAA8C480BC}.Debug|x64.ActiveCfg = Debug|Any CPU
		{5BB771F4-2016-4ECE-8329-05DAA8C480BC}.Debug|x64.Build.0 = Debug|Any CPU
		{5BB771F4-2016-4ECE-8329-05DAA8C480BC}.Debug|x86.ActiveCfg = Debug|Any CPU
		{5BB771F4-2016-4ECE-8329-05DAA8C480BC}.Debug|x86.Build.0 = Debug|Any CPU
		{5BB771F4-2016-4ECE-8329-05DAA8C480BC}.Release|Any CPU.ActiveCfg = Release|Any CPU
		{5BB771F4-2016-4ECE-8329-05DAA8C480BC}.Release|Any CPU.Build.0 = Release|Any CPU
		{5BB771F4-2016-4ECE-8329-05DAA8C480BC}.Release|x64.ActiveCfg = Release|Any CPU
		{5BB771F4-2016-4ECE-8329-05DAA8C480BC}.Release|x64.Build.0 = Release|Any CPU
		{5BB771F4-2016-4ECE-8329-05DAA8C480BC}.Release|x86.ActiveCfg = Release|Any CPU
		{5BB771F4-2016-4ECE-8329-05DAA8C480BC}.Release|x86.Build.0 = Release|Any CPU
	EndGlobalSection
	GlobalSection(SolutionProperties) = preSolution
		HideSolutionNode = FALSE
	EndGlobalSection
	GlobalSection(ExtensibilityGlobals) = postSolution
		SolutionGuid = {BFC992B3-96D8-40BE-90B7-923609827FBD}
	EndGlobalSection
EndGlobal
