
Microsoft Visual Studio Solution File, Format Version 12.00
# Visual Studio Version 16
VisualStudioVersion = 16.0.29209.62
MinimumVisualStudioVersion = 10.0.40219.1
Project("{FAE04EC0-301F-11D3-BF4B-00C04F79EFBC}") = "AlimentosAPI", "AlimentosAPI\AlimentosAPI.csproj", "{848D15D2-DBC0-4362-ABA4-1C503229D3A0}"
EndProject
Global
	GlobalSection(SolutionConfigurationPlatforms) = preSolution
		Debug|Any CPU = Debug|Any CPU
		Release|Any CPU = Release|Any CPU
	EndGlobalSection
	GlobalSection(ProjectConfigurationPlatforms) = postSolution
		{848D15D2-DBC0-4362-ABA4-1C503229D3A0}.Debug|Any CPU.ActiveCfg = Debug|Any CPU
		{848D15D2-DBC0-4362-ABA4-1C503229D3A0}.Debug|Any CPU.Build.0 = Debug|Any CPU
		{848D15D2-DBC0-4362-ABA4-1C503229D3A0}.Release|Any CPU.ActiveCfg = Release|Any CPU
		{848D15D2-DBC0-4362-ABA4-1C503229D3A0}.Release|Any CPU.Build.0 = Release|Any CPU
	EndGlobalSection
	GlobalSection(SolutionProperties) = preSolution
		HideSolutionNode = FALSE
	EndGlobalSection
	GlobalSection(ExtensibilityGlobals) = postSolution
		SolutionGuid = {BAE13DE9-0627-457D-9E19-9BC1934774CB}
	EndGlobalSection
EndGlobal
